
Microsoft Visual Studio Solution File, Format Version 12.00
# Visual Studio Version 17
VisualStudioVersion = 17.1.32210.238
MinimumVisualStudioVersion = 10.0.40219.1
Project("{9A19103F-16F7-4668-BE54-9A1E7A4F7556}") = "ML", "ML\ML.csproj", "{5FC471D0-423C-4FC6-A07E-967608F121C5}"
EndProject
Project("{9A19103F-16F7-4668-BE54-9A1E7A4F7556}") = "DL", "DL\DL.csproj", "{D695EC8B-352E-4FEE-AE59-79D20F52F6E1}"
EndProject
Project("{9A19103F-16F7-4668-BE54-9A1E7A4F7556}") = "BL", "BL\BL.csproj", "{BF1B7351-9E58-451E-9C82-9E5581B4E4FD}"
EndProject
Project("{9A19103F-16F7-4668-BE54-9A1E7A4F7556}") = "PL", "PL\PL.csproj", "{52563B5E-99AE-4630-A8C8-CBD1526EDF30}"
EndProject
Project("{9A19103F-16F7-4668-BE54-9A1E7A4F7556}") = "PL_C", "PL_C\PL_C.csproj", "{151332D3-7123-4F44-9123-696165790C16}"
EndProject
Project("{FAE04EC0-301F-11D3-BF4B-00C04F79EFBC}") = "SL", "SL\SL.csproj", "{935E0CA3-41A8-46E9-B8A6-C6589C010ABE}"
EndProject
Global
	GlobalSection(SolutionConfigurationPlatforms) = preSolution
		Debug|Any CPU = Debug|Any CPU
		Release|Any CPU = Release|Any CPU
	EndGlobalSection
	GlobalSection(ProjectConfigurationPlatforms) = postSolution
		{5FC471D0-423C-4FC6-A07E-967608F121C5}.Debug|Any CPU.ActiveCfg = Debug|Any CPU
		{5FC471D0-423C-4FC6-A07E-967608F121C5}.Debug|Any CPU.Build.0 = Debug|Any CPU
		{5FC471D0-423C-4FC6-A07E-967608F121C5}.Release|Any CPU.ActiveCfg = Release|Any CPU
		{5FC471D0-423C-4FC6-A07E-967608F121C5}.Release|Any CPU.Build.0 = Release|Any CPU
		{D695EC8B-352E-4FEE-AE59-79D20F52F6E1}.Debug|Any CPU.ActiveCfg = Debug|Any CPU
		{D695EC8B-352E-4FEE-AE59-79D20F52F6E1}.Debug|Any CPU.Build.0 = Debug|Any CPU
		{D695EC8B-352E-4FEE-AE59-79D20F52F6E1}.Release|Any CPU.ActiveCfg = Release|Any CPU
		{D695EC8B-352E-4FEE-AE59-79D20F52F6E1}.Release|Any CPU.Build.0 = Release|Any CPU
		{BF1B7351-9E58-451E-9C82-9E5581B4E4FD}.Debug|Any CPU.ActiveCfg = Debug|Any CPU
		{BF1B7351-9E58-451E-9C82-9E5581B4E4FD}.Debug|Any CPU.Build.0 = Debug|Any CPU
		{BF1B7351-9E58-451E-9C82-9E5581B4E4FD}.Release|Any CPU.ActiveCfg = Release|Any CPU
		{BF1B7351-9E58-451E-9C82-9E5581B4E4FD}.Release|Any CPU.Build.0 = Release|Any CPU
		{52563B5E-99AE-4630-A8C8-CBD1526EDF30}.Debug|Any CPU.ActiveCfg = Debug|Any CPU
		{52563B5E-99AE-4630-A8C8-CBD1526EDF30}.Debug|Any CPU.Build.0 = Debug|Any CPU
		{52563B5E-99AE-4630-A8C8-CBD1526EDF30}.Release|Any CPU.ActiveCfg = Release|Any CPU
		{52563B5E-99AE-4630-A8C8-CBD1526EDF30}.Release|Any CPU.Build.0 = Release|Any CPU
		{151332D3-7123-4F44-9123-696165790C16}.Debug|Any CPU.ActiveCfg = Debug|Any CPU
		{151332D3-7123-4F44-9123-696165790C16}.Debug|Any CPU.Build.0 = Debug|Any CPU
		{151332D3-7123-4F44-9123-696165790C16}.Release|Any CPU.ActiveCfg = Release|Any CPU
		{151332D3-7123-4F44-9123-696165790C16}.Release|Any CPU.Build.0 = Release|Any CPU
		{935E0CA3-41A8-46E9-B8A6-C6589C010ABE}.Debug|Any CPU.ActiveCfg = Debug|Any CPU
		{935E0CA3-41A8-46E9-B8A6-C6589C010ABE}.Debug|Any CPU.Build.0 = Debug|Any CPU
		{935E0CA3-41A8-46E9-B8A6-C6589C010ABE}.Release|Any CPU.ActiveCfg = Release|Any CPU
		{935E0CA3-41A8-46E9-B8A6-C6589C010ABE}.Release|Any CPU.Build.0 = Release|Any CPU
	EndGlobalSection
	GlobalSection(SolutionProperties) = preSolution
		HideSolutionNode = FALSE
	EndGlobalSection
	GlobalSection(ExtensibilityGlobals) = postSolution
		SolutionGuid = {CEC627E8-C11F-49B2-B28D-C3053339C37F}
	EndGlobalSection
EndGlobal
